
Microsoft Visual Studio Solution File, Format Version 12.00
# Visual Studio Version 17
VisualStudioVersion = 17.0.31903.59
MinimumVisualStudioVersion = 10.0.40219.1
Project("{2150E333-8FDC-42A3-9474-1A3956D46DE8}") = "apps", "apps", "{BAE073AA-A419-49E0-BA69-994469A8145E}"
EndProject
Project("{2150E333-8FDC-42A3-9474-1A3956D46DE8}") = "web", "web", "{44913B1B-6896-419D-87F7-99BECE464291}"
EndProject
Project("{FAE04EC0-301F-11D3-BF4B-00C04F79EFBC}") = "Spot.Web", "apps\web\Spot.Web\Spot.Web.csproj", "{5F6B21F2-7911-4F7D-9EC6-7A9676B08638}"
EndProject
Project("{2150E333-8FDC-42A3-9474-1A3956D46DE8}") = "server", "server", "{BF329F13-53BD-4998-8E2A-5F0D491B0020}"
EndProject
Project("{FAE04EC0-301F-11D3-BF4B-00C04F79EFBC}") = "Spot.Api", "apps\server\Spot.Api\Spot.Api.csproj", "{EF387E8C-CC39-4E40-91F1-00EE689536B9}"
EndProject
Project("{2150E333-8FDC-42A3-9474-1A3956D46DE8}") = "packages", "packages", "{7B872A4A-F08C-4DAE-89F7-46895F6E0305}"
EndProject
Project("{2150E333-8FDC-42A3-9474-1A3956D46DE8}") = "ui", "ui", "{E16BAFB3-F0CB-428F-9F22-2B42DF0A3331}"
EndProject
Project("{FAE04EC0-301F-11D3-BF4B-00C04F79EFBC}") = "Spot.UI", "packages\ui\Spot.UI\Spot.UI.csproj", "{37E26C2C-487B-48F9-AA47-8AEF6FA17A81}"
EndProject
Project("{2150E333-8FDC-42A3-9474-1A3956D46DE8}") = "core", "core", "{EB1EE239-9B15-464C-8744-C7B65BBC36EB}"
EndProject
Project("{FAE04EC0-301F-11D3-BF4B-00C04F79EFBC}") = "Spot.Core", "packages\core\Spot.Core\Spot.Core.csproj", "{5E332605-6580-49AD-A9CD-6FE6E46EB9A6}"
EndProject
Project("{2150E333-8FDC-42A3-9474-1A3956D46DE8}") = "client-sdk", "client-sdk", "{0A2E9931-B2F0-4278-87CF-77BF11C4C6DB}"
EndProject
Project("{FAE04EC0-301F-11D3-BF4B-00C04F79EFBC}") = "Spot.ClientSdk", "packages\client-sdk\Spot.ClientSdk\Spot.ClientSdk.csproj", "{FAC8F4D4-F79F-4F4A-9F59-EA0D65E9A49E}"
EndProject
Project("{2150E333-8FDC-42A3-9474-1A3956D46DE8}") = "tests", "tests", "{E01D8DC6-EFF9-4531-85C8-8750C30C0743}"
EndProject
Project("{FAE04EC0-301F-11D3-BF4B-00C04F79EFBC}") = "server.tests", "tests\server.tests\server.tests.csproj", "{0FF27709-32BC-4539-B97A-5FABF3550AA1}"
EndProject
Project("{FAE04EC0-301F-11D3-BF4B-00C04F79EFBC}") = "client.tests", "tests\client.tests\client.tests.csproj", "{5D83DC44-8FD2-486E-A987-2A77C103B655}"
EndProject
Project("{FAE04EC0-301F-11D3-BF4B-00C04F79EFBC}") = "core.tests", "tests\core.tests\core.tests.csproj", "{670BFBE2-47F8-4679-AFFA-AA31DAFA2CD3}"
EndProject
Project("{FAE04EC0-301F-11D3-BF4B-00C04F79EFBC}") = "e2e", "tests\e2e\e2e.csproj", "{6588600F-F412-4851-B315-69B3D3A4533D}"
EndProject
Global
	GlobalSection(SolutionConfigurationPlatforms) = preSolution
		Debug|Any CPU = Debug|Any CPU
		Release|Any CPU = Release|Any CPU
	EndGlobalSection
	GlobalSection(SolutionProperties) = preSolution
		HideSolutionNode = FALSE
	EndGlobalSection
	GlobalSection(ProjectConfigurationPlatforms) = postSolution
		{5F6B21F2-7911-4F7D-9EC6-7A9676B08638}.Debug|Any CPU.ActiveCfg = Debug|Any CPU
		{5F6B21F2-7911-4F7D-9EC6-7A9676B08638}.Debug|Any CPU.Build.0 = Debug|Any CPU
		{5F6B21F2-7911-4F7D-9EC6-7A9676B08638}.Release|Any CPU.ActiveCfg = Release|Any CPU
		{5F6B21F2-7911-4F7D-9EC6-7A9676B08638}.Release|Any CPU.Build.0 = Release|Any CPU
		{EF387E8C-CC39-4E40-91F1-00EE689536B9}.Debug|Any CPU.ActiveCfg = Debug|Any CPU
		{EF387E8C-CC39-4E40-91F1-00EE689536B9}.Debug|Any CPU.Build.0 = Debug|Any CPU
		{EF387E8C-CC39-4E40-91F1-00EE689536B9}.Release|Any CPU.ActiveCfg = Release|Any CPU
		{EF387E8C-CC39-4E40-91F1-00EE689536B9}.Release|Any CPU.Build.0 = Release|Any CPU
		{37E26C2C-487B-48F9-AA47-8AEF6FA17A81}.Debug|Any CPU.ActiveCfg = Debug|Any CPU
		{37E26C2C-487B-48F9-AA47-8AEF6FA17A81}.Debug|Any CPU.Build.0 = Debug|Any CPU
		{37E26C2C-487B-48F9-AA47-8AEF6FA17A81}.Release|Any CPU.ActiveCfg = Release|Any CPU
		{37E26C2C-487B-48F9-AA47-8AEF6FA17A81}.Release|Any CPU.Build.0 = Release|Any CPU
		{5E332605-6580-49AD-A9CD-6FE6E46EB9A6}.Debug|Any CPU.ActiveCfg = Debug|Any CPU
		{5E332605-6580-49AD-A9CD-6FE6E46EB9A6}.Debug|Any CPU.Build.0 = Debug|Any CPU
		{5E332605-6580-49AD-A9CD-6FE6E46EB9A6}.Release|Any CPU.ActiveCfg = Release|Any CPU
		{5E332605-6580-49AD-A9CD-6FE6E46EB9A6}.Release|Any CPU.Build.0 = Release|Any CPU
		{FAC8F4D4-F79F-4F4A-9F59-EA0D65E9A49E}.Debug|Any CPU.ActiveCfg = Debug|Any CPU
		{FAC8F4D4-F79F-4F4A-9F59-EA0D65E9A49E}.Debug|Any CPU.Build.0 = Debug|Any CPU
		{FAC8F4D4-F79F-4F4A-9F59-EA0D65E9A49E}.Release|Any CPU.ActiveCfg = Release|Any CPU
		{FAC8F4D4-F79F-4F4A-9F59-EA0D65E9A49E}.Release|Any CPU.Build.0 = Release|Any CPU
		{0FF27709-32BC-4539-B97A-5FABF3550AA1}.Debug|Any CPU.ActiveCfg = Debug|Any CPU
		{0FF27709-32BC-4539-B97A-5FABF3550AA1}.Debug|Any CPU.Build.0 = Debug|Any CPU
		{0FF27709-32BC-4539-B97A-5FABF3550AA1}.Release|Any CPU.ActiveCfg = Release|Any CPU
		{0FF27709-32BC-4539-B97A-5FABF3550AA1}.Release|Any CPU.Build.0 = Release|Any CPU
		{5D83DC44-8FD2-486E-A987-2A77C103B655}.Debug|Any CPU.ActiveCfg = Debug|Any CPU
		{5D83DC44-8FD2-486E-A987-2A77C103B655}.Debug|Any CPU.Build.0 = Debug|Any CPU
		{5D83DC44-8FD2-486E-A987-2A77C103B655}.Release|Any CPU.ActiveCfg = Release|Any CPU
		{5D83DC44-8FD2-486E-A987-2A77C103B655}.Release|Any CPU.Build.0 = Release|Any CPU
		{670BFBE2-47F8-4679-AFFA-AA31DAFA2CD3}.Debug|Any CPU.ActiveCfg = Debug|Any CPU
		{670BFBE2-47F8-4679-AFFA-AA31DAFA2CD3}.Debug|Any CPU.Build.0 = Debug|Any CPU
		{670BFBE2-47F8-4679-AFFA-AA31DAFA2CD3}.Release|Any CPU.ActiveCfg = Release|Any CPU
		{670BFBE2-47F8-4679-AFFA-AA31DAFA2CD3}.Release|Any CPU.Build.0 = Release|Any CPU
		{6588600F-F412-4851-B315-69B3D3A4533D}.Debug|Any CPU.ActiveCfg = Debug|Any CPU
		{6588600F-F412-4851-B315-69B3D3A4533D}.Debug|Any CPU.Build.0 = Debug|Any CPU
		{6588600F-F412-4851-B315-69B3D3A4533D}.Release|Any CPU.ActiveCfg = Release|Any CPU
		{6588600F-F412-4851-B315-69B3D3A4533D}.Release|Any CPU.Build.0 = Release|Any CPU
	EndGlobalSection
	GlobalSection(NestedProjects) = preSolution
		{44913B1B-6896-419D-87F7-99BECE464291} = {BAE073AA-A419-49E0-BA69-994469A8145E}
		{5F6B21F2-7911-4F7D-9EC6-7A9676B08638} = {44913B1B-6896-419D-87F7-99BECE464291}
		{BF329F13-53BD-4998-8E2A-5F0D491B0020} = {BAE073AA-A419-49E0-BA69-994469A8145E}
		{EF387E8C-CC39-4E40-91F1-00EE689536B9} = {BF329F13-53BD-4998-8E2A-5F0D491B0020}
		{E16BAFB3-F0CB-428F-9F22-2B42DF0A3331} = {7B872A4A-F08C-4DAE-89F7-46895F6E0305}
		{37E26C2C-487B-48F9-AA47-8AEF6FA17A81} = {E16BAFB3-F0CB-428F-9F22-2B42DF0A3331}
		{EB1EE239-9B15-464C-8744-C7B65BBC36EB} = {7B872A4A-F08C-4DAE-89F7-46895F6E0305}
		{5E332605-6580-49AD-A9CD-6FE6E46EB9A6} = {EB1EE239-9B15-464C-8744-C7B65BBC36EB}
		{0A2E9931-B2F0-4278-87CF-77BF11C4C6DB} = {7B872A4A-F08C-4DAE-89F7-46895F6E0305}
		{FAC8F4D4-F79F-4F4A-9F59-EA0D65E9A49E} = {0A2E9931-B2F0-4278-87CF-77BF11C4C6DB}
		{0FF27709-32BC-4539-B97A-5FABF3550AA1} = {E01D8DC6-EFF9-4531-85C8-8750C30C0743}
		{5D83DC44-8FD2-486E-A987-2A77C103B655} = {E01D8DC6-EFF9-4531-85C8-8750C30C0743}
		{670BFBE2-47F8-4679-AFFA-AA31DAFA2CD3} = {E01D8DC6-EFF9-4531-85C8-8750C30C0743}
		{6588600F-F412-4851-B315-69B3D3A4533D} = {E01D8DC6-EFF9-4531-85C8-8750C30C0743}
	EndGlobalSection
EndGlobal
